
Microsoft Visual Studio Solution File, Format Version 12.00
# Visual Studio 15
VisualStudioVersion = 15.0.27428.2015
MinimumVisualStudioVersion = 10.0.40219.1
Project("{E24C65DC-7377-472B-9ABA-BC803B73C61A}") = "OpenLayers", ".", "{5EDF9C21-6919-41FB-ACC7-09C36423B904}"
	ProjectSection(WebsiteProperties) = preProject
		TargetFrameworkMoniker = ".NETFramework,Version%3Dv4.0"
		Debug.AspNetCompiler.VirtualPath = "/localhost_62759"
		Debug.AspNetCompiler.PhysicalPath = "..\OpenLayers\"
		Debug.AspNetCompiler.TargetPath = "PrecompiledWeb\localhost_62759\"
		Debug.AspNetCompiler.Updateable = "true"
		Debug.AspNetCompiler.ForceOverwrite = "true"
		Debug.AspNetCompiler.FixedNames = "false"
		Debug.AspNetCompiler.Debug = "True"
		Release.AspNetCompiler.VirtualPath = "/localhost_62759"
		Release.AspNetCompiler.PhysicalPath = "..\OpenLayers\"
		Release.AspNetCompiler.TargetPath = "PrecompiledWeb\localhost_62759\"
		Release.AspNetCompiler.Updateable = "true"
		Release.AspNetCompiler.ForceOverwrite = "true"
		Release.AspNetCompiler.FixedNames = "false"
		Release.AspNetCompiler.Debug = "False"
		VWDPort = "62759"
		SlnRelativePath = "..\OpenLayers\"
	EndProjectSection
EndProject
Global
	GlobalSection(SolutionConfigurationPlatforms) = preSolution
		Debug|Any CPU = Debug|Any CPU
	EndGlobalSection
	GlobalSection(ProjectConfigurationPlatforms) = postSolution
		{5EDF9C21-6919-41FB-ACC7-09C36423B904}.Debug|Any CPU.ActiveCfg = Debug|Any CPU
		{5EDF9C21-6919-41FB-ACC7-09C36423B904}.Debug|Any CPU.Build.0 = Debug|Any CPU
	EndGlobalSection
	GlobalSection(SolutionProperties) = preSolution
		HideSolutionNode = FALSE
	EndGlobalSection
	GlobalSection(ExtensibilityGlobals) = postSolution
		SolutionGuid = {F3FA77DE-0B82-451F-A228-F23C8C797231}
	EndGlobalSection
EndGlobal
